{
  "meteor": {},
  "dependencies": {
    "basePackages": {
      "iron-router": {},
      "accounts-ui-bootstrap-dropdown": {},
      "spin": {},
      "iron-router-progress": {},
      "tags": {},
      "Bootstrap3-Typeahead": {},
      "profile": {}
    },
    "packages": {
      "iron-router": {
        "git": "https://github.com/EventedMind/iron-router.git",
        "tag": "v0.6.2",
        "commit": "ce56e58b45624dce992490f3a1c10f10d3948bae"
      },
      "accounts-ui-bootstrap-dropdown": {
        "git": "https://github.com/erobit/meteor-accounts-ui-bootstrap-dropdown.git",
        "tag": "v0.6.5.1",
        "commit": "c8b29d2e7f8611d6dec9d6d23c1c2b94e000b0fb"
      },
      "spin": {
        "git": "https://github.com/SachaG/meteor-spin.git",
        "tag": "v0.2.2",
        "commit": "3f655f0016228e4195acc784c45d3e3a247dc39f"
      },
      "iron-router-progress": {
        "git": "https://github.com/Multiply/iron-router-progress.git",
        "tag": "v0.2.0",
        "commit": "ce730d1d26feadb7c75ea25f22c5bfdb0c549a8b"
      },
      "tags": {
        "git": "https://github.com/apendua/meteor-tags.git",
        "tag": "v0.1.2.2",
        "commit": "613382880617178276a7fbbcfe07812407d48e6b"
      },
      "Bootstrap3-Typeahead": {
        "git": "https://github.com/JustinSGray/meteor-Bootstrap-3-Typeahead.git",
        "tag": "v0.1.1",
        "commit": "770b69d73e559c9f6506daa0a034acab21169479"
      },
      "profile": {
        "git": "https://github.com/BeDifferential/meteor-profile.git",
        "tag": "v0.0.7",
        "commit": "4960d0603342e9fac279260f6f1812a273952bf3"
      }
    }
  }
}
